
Microsoft Visual Studio Solution File, Format Version 12.00
# Visual Studio 15
VisualStudioVersion = 15.0.28307.572
MinimumVisualStudioVersion = 10.0.40219.1
Project("{8BC9CEB8-8B4A-11D0-8D11-00A0C91BC942}") = "TerrainGenerator_FYP", "TerrainGenerator_FYP\TerrainGenerator_FYP.vcxproj", "{D8523426-4C43-434A-8116-159C9F440927}"
EndProject
Global
	GlobalSection(Performance) = preSolution
		HasPerformanceSessions = true
	EndGlobalSection
	GlobalSection(SolutionConfigurationPlatforms) = preSolution
		Debug|x64 = Debug|x64
		Debug|x86 = Debug|x86
		Release|x64 = Release|x64
		Release|x86 = Release|x86
	EndGlobalSection
	GlobalSection(ProjectConfigurationPlatforms) = postSolution
		{D8523426-4C43-434A-8116-159C9F440927}.Debug|x64.ActiveCfg = Debug|x64
		{D8523426-4C43-434A-8116-159C9F440927}.Debug|x64.Build.0 = Debug|x64
		{D8523426-4C43-434A-8116-159C9F440927}.Debug|x86.ActiveCfg = Debug|Win32
		{D8523426-4C43-434A-8116-159C9F440927}.Debug|x86.Build.0 = Debug|Win32
		{D8523426-4C43-434A-8116-159C9F440927}.Release|x64.ActiveCfg = Release|x64
		{D8523426-4C43-434A-8116-159C9F440927}.Release|x64.Build.0 = Release|x64
		{D8523426-4C43-434A-8116-159C9F440927}.Release|x86.ActiveCfg = Release|Win32
		{D8523426-4C43-434A-8116-159C9F440927}.Release|x86.Build.0 = Release|Win32
	EndGlobalSection
	GlobalSection(SolutionProperties) = preSolution
		HideSolutionNode = FALSE
	EndGlobalSection
	GlobalSection(ExtensibilityGlobals) = postSolution
		SolutionGuid = {326D20B2-5DFB-4DEB-9BBA-28B50584F945}
	EndGlobalSection
EndGlobal
